// !$*UTF8*$!
{
	archiveVersion = 1;
	classes = {
	};
	objectVersion = 46;
	objects = {

/* Begin PBXBuildFile section */
		F4B3CFF31AAA98C6008A9ECB /* AppDelegate.swift in Sources */ = {isa = PBXBuildFile; fileRef = F4B3CFF21AAA98C6008A9ECB /* AppDelegate.swift */; };
		F4B3CFF51AAA98C6008A9ECB /* ViewController.swift in Sources */ = {isa = PBXBuildFile; fileRef = F4B3CFF41AAA98C6008A9ECB /* ViewController.swift */; };
		F4B3CFF81AAA98C6008A9ECB /* Main.storyboard in Resources */ = {isa = PBXBuildFile; fileRef = F4B3CFF61AAA98C6008A9ECB /* Main.storyboard */; };
		F4B3CFFA1AAA98C6008A9ECB /* Images.xcassets in Resources */ = {isa = PBXBuildFile; fileRef = F4B3CFF91AAA98C6008A9ECB /* Images.xcassets */; };
		F4B3CFFD1AAA98C6008A9ECB /* LaunchScreen.xib in Resources */ = {isa = PBXBuildFile; fileRef = F4B3CFFB1AAA98C6008A9ECB /* LaunchScreen.xib */; };
		F4B3D0091AAA98C6008A9ECB /* TemplateImageViewTests.swift in Sources */ = {isa = PBXBuildFile; fileRef = F4B3D0081AAA98C6008A9ECB /* TemplateImageViewTests.swift */; };
/* End PBXBuildFile section */

/* Begin PBXContainerItemProxy section */
		F4B3D0031AAA98C6008A9ECB /* PBXContainerItemProxy */ = {
			isa = PBXContainerItemProxy;
			containerPortal = F4B3CFE51AAA98C6008A9ECB /* Project object */;
			proxyType = 1;
			remoteGlobalIDString = F4B3CFEC1AAA98C6008A9ECB;
			remoteInfo = TemplateImageView;
		};
/* End PBXContainerItemProxy section */

/* Begin PBXFileReference section */
		F4B3CFED1AAA98C6008A9ECB /* TemplateImageView.app */ = {isa = PBXFileReference; explicitFileType = wrapper.application; includeInIndex = 0; path = TemplateImageView.app; sourceTree = BUILT_PRODUCTS_DIR; };
		F4B3CFF11AAA98C6008A9ECB /* Info.plist */ = {isa = PBXFileReference; lastKnownFileType = text.plist.xml; path = Info.plist; sourceTree = "<group>"; };
		F4B3CFF21AAA98C6008A9ECB /* AppDelegate.swift */ = {isa = PBXFileReference; lastKnownFileType = sourcecode.swift; path = AppDelegate.swift; sourceTree = "<group>"; };
		F4B3CFF41AAA98C6008A9ECB /* ViewController.swift */ = {isa = PBXFileReference; lastKnownFileType = sourcecode.swift; path = ViewController.swift; sourceTree = "<group>"; };
		F4B3CFF71AAA98C6008A9ECB /* Base */ = {isa = PBXFileReference; lastKnownFileType = file.storyboard; name = Base; path = Base.lproj/Main.storyboard; sourceTree = "<group>"; };
		F4B3CFF91AAA98C6008A9ECB /* Images.xcassets */ = {isa = PBXFileReference; lastKnownFileType = folder.assetcatalog; path = Images.xcassets; sourceTree = "<group>"; };
		F4B3CFFC1AAA98C6008A9ECB /* Base */ = {isa = PBXFileReference; lastKnownFileType = file.xib; name = Base; path = Base.lproj/LaunchScreen.xib; sourceTree = "<group>"; };
		F4B3D0021AAA98C6008A9ECB /* TemplateImageViewTests.xctest */ = {isa = PBXFileReference; explicitFileType = wrapper.cfbundle; includeInIndex = 0; path = TemplateImageViewTests.xctest; sourceTree = BUILT_PRODUCTS_DIR; };
		F4B3D0071AAA98C6008A9ECB /* Info.plist */ = {isa = PBXFileReference; lastKnownFileType = text.plist.xml; path = Info.plist; sourceTree = "<group>"; };
		F4B3D0081AAA98C6008A9ECB /* TemplateImageViewTests.swift */ = {isa = PBXFileReference; lastKnownFileType = sourcecode.swift; path = TemplateImageViewTests.swift; sourceTree = "<group>"; };
/* End PBXFileReference section */

/* Begin PBXFrameworksBuildPhase section */
		F4B3CFEA1AAA98C6008A9ECB /* Frameworks */ = {
			isa = PBXFrameworksBuildPhase;
			buildActionMask = 2147483647;
			files = (
			);
			runOnlyForDeploymentPostprocessing = 0;
		};
		F4B3CFFF1AAA98C6008A9ECB /* Frameworks */ = {
			isa = PBXFrameworksBuildPhase;
			buildActionMask = 2147483647;
			files = (
			);
			runOnlyForDeploymentPostprocessing = 0;
		};
/* End PBXFrameworksBuildPhase section */

/* Begin PBXGroup section */
		F4B3CFE41AAA98C6008A9ECB = {
			isa = PBXGroup;
			children = (
				F4B3CFEF1AAA98C6008A9ECB /* TemplateImageView */,
				F4B3D0051AAA98C6008A9ECB /* TemplateImageViewTests */,
				F4B3CFEE1AAA98C6008A9ECB /* Products */,
			);
			sourceTree = "<group>";
		};
		F4B3CFEE1AAA98C6008A9ECB /* Products */ = {
			isa = PBXGroup;
			children = (
				F4B3CFED1AAA98C6008A9ECB /* TemplateImageView.app */,
				F4B3D0021AAA98C6008A9ECB /* TemplateImageViewTests.xctest */,
			);
			name = Products;
			sourceTree = "<group>";
		};
		F4B3CFEF1AAA98C6008A9ECB /* TemplateImageView */ = {
			isa = PBXGroup;
			children = (
				F4B3CFF21AAA98C6008A9ECB /* AppDelegate.swift */,
				F4B3CFF41AAA98C6008A9ECB /* ViewController.swift */,
				F4B3CFF61AAA98C6008A9ECB /* Main.storyboard */,
				F4B3CFF91AAA98C6008A9ECB /* Images.xcassets */,
				F4B3CFFB1AAA98C6008A9ECB /* LaunchScreen.xib */,
				F4B3CFF01AAA98C6008A9ECB /* Supporting Files */,
			);
			path = TemplateImageView;
			sourceTree = "<group>";
		};
		F4B3CFF01AAA98C6008A9ECB /* Supporting Files */ = {
			isa = PBXGroup;
			children = (
				F4B3CFF11AAA98C6008A9ECB /* Info.plist */,
			);
			name = "Supporting Files";
			sourceTree = "<group>";
		};
		F4B3D0051AAA98C6008A9ECB /* TemplateImageViewTests */ = {
			isa = PBXGroup;
			children = (
				F4B3D0081AAA98C6008A9ECB /* TemplateImageViewTests.swift */,
				F4B3D0061AAA98C6008A9ECB /* Supporting Files */,
			);
			path = TemplateImageViewTests;
			sourceTree = "<group>";
		};
		F4B3D0061AAA98C6008A9ECB /* Supporting Files */ = {
			isa = PBXGroup;
			children = (
				F4B3D0071AAA98C6008A9ECB /* Info.plist */,
			);
			name = "Supporting Files";
			sourceTree = "<group>";
		};
/* End PBXGroup section */

/* Begin PBXNativeTarget section */
		F4B3CFEC1AAA98C6008A9ECB /* TemplateImageView */ = {
			isa = PBXNativeTarget;
			buildConfigurationList = F4B3D00C1AAA98C6008A9ECB /* Build configuration list for PBXNativeTarget "TemplateImageView" */;
			buildPhases = (
				F4B3CFE91AAA98C6008A9ECB /* Sources */,
				F4B3CFEA1AAA98C6008A9ECB /* Frameworks */,
				F4B3CFEB1AAA98C6008A9ECB /* Resources */,
			);
			buildRules = (
			);
			dependencies = (
			);
			name = TemplateImageView;
			productName = TemplateImageView;
			productReference = F4B3CFED1AAA98C6008A9ECB /* TemplateImageView.app */;
			productType = "com.apple.product-type.application";
		};
		F4B3D0011AAA98C6008A9ECB /* TemplateImageViewTests */ = {
			isa = PBXNativeTarget;
			buildConfigurationList = F4B3D00F1AAA98C6008A9ECB /* Build configuration list for PBXNativeTarget "TemplateImageViewTests" */;
			buildPhases = (
				F4B3CFFE1AAA98C6008A9ECB /* Sources */,
				F4B3CFFF1AAA98C6008A9ECB /* Frameworks */,
				F4B3D0001AAA98C6008A9ECB /* Resources */,
			);
			buildRules = (
			);
			dependencies = (
				F4B3D0041AAA98C6008A9ECB /* PBXTargetDependency */,
			);
			name = TemplateImageViewTests;
			productName = TemplateImageViewTests;
			productReference = F4B3D0021AAA98C6008A9ECB /* TemplateImageViewTests.xctest */;
			productType = "com.apple.product-type.bundle.unit-test";
		};
/* End PBXNativeTarget section */

/* Begin PBXProject section */
		F4B3CFE51AAA98C6008A9ECB /* Project object */ = {
			isa = PBXProject;
			attributes = {
				LastUpgradeCheck = 0630;
				ORGANIZATIONNAME = DJ.Ben;
				TargetAttributes = {
					F4B3CFEC1AAA98C6008A9ECB = {
						CreatedOnToolsVersion = 6.3;
					};
					F4B3D0011AAA98C6008A9ECB = {
						CreatedOnToolsVersion = 6.3;
						TestTargetID = F4B3CFEC1AAA98C6008A9ECB;
					};
				};
			};
			buildConfigurationList = F4B3CFE81AAA98C6008A9ECB /* Build configuration list for PBXProject "TemplateImageView" */;
			compatibilityVersion = "Xcode 3.2";
			developmentRegion = English;
			hasScannedForEncodings = 0;
			knownRegions = (
				en,
				Base,
			);
			mainGroup = F4B3CFE41AAA98C6008A9ECB;
			productRefGroup = F4B3CFEE1AAA98C6008A9ECB /* Products */;
			projectDirPath = "";
			projectRoot = "";
			targets = (
				F4B3CFEC1AAA98C6008A9ECB /* TemplateImageView */,
				F4B3D0011AAA98C6008A9ECB /* TemplateImageViewTests */,
			);
		};
/* End PBXProject section */

/* Begin PBXResourcesBuildPhase section */
		F4B3CFEB1AAA98C6008A9ECB /* Resources */ = {
			isa = PBXResourcesBuildPhase;
			buildActionMask = 2147483647;
			files = (
				F4B3CFF81AAA98C6008A9ECB /* Main.storyboard in Resources */,
				F4B3CFFD1AAA98C6008A9ECB /* LaunchScreen.xib in Resources */,
				F4B3CFFA1AAA98C6008A9ECB /* Images.xcassets in Resources */,
			);
			runOnlyForDeploymentPostprocessing = 0;
		};
		F4B3D0001AAA98C6008A9ECB /* Resources */ = {
			isa = PBXResourcesBuildPhase;
			buildActionMask = 2147483647;
			files = (
			);
			runOnlyForDeploymentPostprocessing = 0;
		};
/* End PBXResourcesBuildPhase section */

/* Begin PBXSourcesBuildPhase section */
		F4B3CFE91AAA98C6008A9ECB /* Sources */ = {
			isa = PBXSourcesBuildPhase;
			buildActionMask = 2147483647;
			files = (
				F4B3CFF51AAA98C6008A9ECB /* ViewController.swift in Sources */,
				F4B3CFF31AAA98C6008A9ECB /* AppDelegate.swift in Sources */,
			);
			runOnlyForDeploymentPostprocessing = 0;
		};
		F4B3CFFE1AAA98C6008A9ECB /* Sources */ = {
			isa = PBXSourcesBuildPhase;
			buildActionMask = 2147483647;
			files = (
				F4B3D0091AAA98C6008A9ECB /* TemplateImageViewTests.swift in Sources */,
			);
			runOnlyForDeploymentPostprocessing = 0;
		};
/* End PBXSourcesBuildPhase section */

/* Begin PBXTargetDependency section */
		F4B3D0041AAA98C6008A9ECB /* PBXTargetDependency */ = {
			isa = PBXTargetDependency;
			target = F4B3CFEC1AAA98C6008A9ECB /* TemplateImageView */;
			targetProxy = F4B3D0031AAA98C6008A9ECB /* PBXContainerItemProxy */;
		};
/* End PBXTargetDependency section */

/* Begin PBXVariantGroup section */
		F4B3CFF61AAA98C6008A9ECB /* Main.storyboard */ = {
			isa = PBXVariantGroup;
			children = (
				F4B3CFF71AAA98C6008A9ECB /* Base */,
			);
			name = Main.storyboard;
			sourceTree = "<group>";
		};
		F4B3CFFB1AAA98C6008A9ECB /* LaunchScreen.xib */ = {
			isa = PBXVariantGroup;
			children = (
				F4B3CFFC1AAA98C6008A9ECB /* Base */,
			);
			name = LaunchScreen.xib;
			sourceTree = "<group>";
		};
/* End PBXVariantGroup section */

/* Begin XCBuildConfiguration section */
		F4B3D00A1AAA98C6008A9ECB /* Debug */ = {
			isa = XCBuildConfiguration;
			buildSettings = {
				ALWAYS_SEARCH_USER_PATHS = NO;
				CLANG_CXX_LANGUAGE_STANDARD = "gnu++0x";
				CLANG_CXX_LIBRARY = "libc++";
				CLANG_ENABLE_MODULES = YES;
				CLANG_ENABLE_OBJC_ARC = YES;
				CLANG_WARN_BOOL_CONVERSION = YES;
				CLANG_WARN_CONSTANT_CONVERSION = YES;
				CLANG_WARN_DIRECT_OBJC_ISA_USAGE = YES_ERROR;
				CLANG_WARN_EMPTY_BODY = YES;
				CLANG_WARN_ENUM_CONVERSION = YES;
				CLANG_WARN_INT_CONVERSION = YES;
				CLANG_WARN_OBJC_ROOT_CLASS = YES_ERROR;
				CLANG_WARN_UNREACHABLE_CODE = YES;
				CLANG_WARN__DUPLICATE_METHOD_MATCH = YES;
				"CODE_SIGN_IDENTITY[sdk=iphoneos*]" = "iPhone Developer";
				COPY_PHASE_STRIP = NO;
				DEBUG_INFORMATION_FORMAT = dwarf;
				ENABLE_STRICT_OBJC_MSGSEND = YES;
				GCC_C_LANGUAGE_STANDARD = gnu99;
				GCC_DYNAMIC_NO_PIC = NO;
				GCC_NO_COMMON_BLOCKS = YES;
				GCC_OPTIMIZATION_LEVEL = 0;
				GCC_PREPROCESSOR_DEFINITIONS = (
					"DEBUG=1",
					"$(inherited)",
				);
				GCC_SYMBOLS_PRIVATE_EXTERN = NO;
				GCC_WARN_64_TO_32_BIT_CONVERSION = YES;
				GCC_WARN_ABOUT_RETURN_TYPE = YES_ERROR;
				GCC_WARN_UNDECLARED_SELECTOR = YES;
				GCC_WARN_UNINITIALIZED_AUTOS = YES_AGGRESSIVE;
				GCC_WARN_UNUSED_FUNCTION = YES;
				GCC_WARN_UNUSED_VARIABLE = YES;
				IPHONEOS_DEPLOYMENT_TARGET = 8.3;
				MTL_ENABLE_DEBUG_INFO = YES;
				ONLY_ACTIVE_ARCH = YES;
				SDKROOT = iphoneos;
				SWIFT_OPTIMIZATION_LEVEL = "-Onone";
			};
			name = Debug;
		};
		F4B3D00B1AAA98C6008A9ECB /* Release */ = {
			isa = XCBuildConfiguration;
			buildSettings = {
				ALWAYS_SEARCH_USER_PATHS = NO;
				CLANG_CXX_LANGUAGE_STANDARD = "gnu++0x";
				CLANG_CXX_LIBRARY = "libc++";
				CLANG_ENABLE_MODULES = YES;
				CLANG_ENABLE_OBJC_ARC = YES;
				CLANG_WARN_BOOL_CONVERSION = YES;
				CLANG_WARN_CONSTANT_CONVERSION = YES;
				CLANG_WARN_DIRECT_OBJC_ISA_USAGE = YES_ERROR;
				CLANG_WARN_EMPTY_BODY = YES;
				CLANG_WARN_ENUM_CONVERSION = YES;
				CLANG_WARN_INT_CONVERSION = YES;
				CLANG_WARN_OBJC_ROOT_CLASS = YES_ERROR;
				CLANG_WARN_UNREACHABLE_CODE = YES;
				CLANG_WARN__DUPLICATE_METHOD_MATCH = YES;
				"CODE_SIGN_IDENTITY[sdk=iphoneos*]" = "iPhone Developer";
				COPY_PHASE_STRIP = NO;
				DEBUG_INFORMATION_FORMAT = "dwarf-with-dsym";
				ENABLE_NS_ASSERTIONS = NO;
				ENABLE_STRICT_OBJC_MSGSEND = YES;
				GCC_C_LANGUAGE_STANDARD = gnu99;
				GCC_NO_COMMON_BLOCKS = YES;
				GCC_WARN_64_TO_32_BIT_CONVERSION = YES;
				GCC_WARN_ABOUT_RETURN_TYPE = YES_ERROR;
				GCC_WARN_UNDECLARED_SELECTOR = YES;
				GCC_WARN_UNINITIALIZED_AUTOS = YES_AGGRESSIVE;
				GCC_WARN_UNUSED_FUNCTION = YES;
				GCC_WARN_UNUSED_VARIABLE = YES;
				IPHONEOS_DEPLOYMENT_TARGET = 8.3;
				MTL_ENABLE_DEBUG_INFO = NO;
				SDKROOT = iphoneos;
				VALIDATE_PRODUCT = YES;
			};
			name = Release;
		};
		F4B3D00D1AAA98C6008A9ECB /* Debug */ = {
			isa = XCBuildConfiguration;
			buildSettings = {
				ASSETCATALOG_COMPILER_APPICON_NAME = AppIcon;
				INFOPLIST_FILE = TemplateImageView/Info.plist;
				LD_RUNPATH_SEARCH_PATHS = "$(inherited) @executable_path/Frameworks";
				PRODUCT_NAME = "$(TARGET_NAME)";
			};
			name = Debug;
		};
		F4B3D00E1AAA98C6008A9ECB /* Release */ = {
			isa = XCBuildConfiguration;
			buildSettings = {
				ASSETCATALOG_COMPILER_APPICON_NAME = AppIcon;
				INFOPLIST_FILE = TemplateImageView/Info.plist;
				LD_RUNPATH_SEARCH_PATHS = "$(inherited) @executable_path/Frameworks";
				PRODUCT_NAME = "$(TARGET_NAME)";
			};
			name = Release;
		};
		F4B3D0101AAA98C6008A9ECB /* Debug */ = {
			isa = XCBuildConfiguration;
			buildSettings = {
				BUNDLE_LOADER = "$(TEST_HOST)";
				FRAMEWORK_SEARCH_PATHS = (
					"$(SDKROOT)/Developer/Library/Frameworks",
					"$(inherited)",
				);
				GCC_PREPROCESSOR_DEFINITIONS = (
					"DEBUG=1",
					"$(inherited)",
				);
				INFOPLIST_FILE = TemplateImageViewTests/Info.plist;
				LD_RUNPATH_SEARCH_PATHS = "$(inherited) @executable_path/Frameworks @loader_path/Frameworks";
				PRODUCT_NAME = "$(TARGET_NAME)";
				TEST_HOST = "$(BUILT_PRODUCTS_DIR)/TemplateImageView.app/TemplateImageView";
			};
			name = Debug;
		};
		F4B3D0111AAA98C6008A9ECB /* Release */ = {
			isa = XCBuildConfiguration;
			buildSettings = {
				BUNDLE_LOADER = "$(TEST_HOST)";
				FRAMEWORK_SEARCH_PATHS = (
					"$(SDKROOT)/Developer/Library/Frameworks",
					"$(inherited)",
				);
				INFOPLIST_FILE = TemplateImageViewTests/Info.plist;
				LD_RUNPATH_SEARCH_PATHS = "$(inherited) @executable_path/Frameworks @loader_path/Frameworks";
				PRODUCT_NAME = "$(TARGET_NAME)";
				TEST_HOST = "$(BUILT_PRODUCTS_DIR)/TemplateImageView.app/TemplateImageView";
			};
			name = Release;
		};
/* End XCBuildConfiguration section */

/* Begin XCConfigurationList section */
		F4B3CFE81AAA98C6008A9ECB /* Build configuration list for PBXProject "TemplateImageView" */ = {
			isa = XCConfigurationList;
			buildConfigurations = (
				F4B3D00A1AAA98C6008A9ECB /* Debug */,
				F4B3D00B1AAA98C6008A9ECB /* Release */,
			);
			defaultConfigurationIsVisible = 0;
			defaultConfigurationName = Release;
		};
		F4B3D00C1AAA98C6008A9ECB /* Build configuration list for PBXNativeTarget "TemplateImageView" */ = {
			isa = XCConfigurationList;
			buildConfigurations = (
				F4B3D00D1AAA98C6008A9ECB /* Debug */,
				F4B3D00E1AAA98C6008A9ECB /* Release */,
			);
			defaultConfigurationIsVisible = 0;
		};
		F4B3D00F1AAA98C6008A9ECB /* Build configuration list for PBXNativeTarget "TemplateImageViewTests" */ = {
			isa = XCConfigurationList;
			buildConfigurations = (
				F4B3D0101AAA98C6008A9ECB /* Debug */,
				F4B3D0111AAA98C6008A9ECB /* Release */,
			);
			defaultConfigurationIsVisible = 0;
		};
/* End XCConfigurationList section */
	};
	rootObject = F4B3CFE51AAA98C6008A9ECB /* Project object */;
}
